// !$*UTF8*$!
{
	archiveVersion = 1;
	classes = {
	};
	objectVersion = 50;
	objects = {

/* Begin PBXBuildFile section */
		A16B70DB2529512C00700552 /* protocol GameBackgroundSpritebla + Extension.swift in Sources */ = {isa = PBXBuildFile; fileRef = A16B70DA2529512C00700552 /* protocol GameBackgroundSpritebla + Extension.swift */; };
		A174DA9D2527E46C00B3BF92 /* PlayerPlane.swift in Sources */ = {isa = PBXBuildFile; fileRef = A174DA9C2527E46C00B3BF92 /* PlayerPlane.swift */; };
		A174DA9F2527E82000B3BF92 /* PlayerPlane.atlas in Resources */ = {isa = PBXBuildFile; fileRef = A174DA9E2527E82000B3BF92 /* PlayerPlane.atlas */; };
		A1B9AD1B253276830024C7A9 /* Enemy.swift in Sources */ = {isa = PBXBuildFile; fileRef = A1B9AD1A253276830024C7A9 /* Enemy.swift */; };
		A1B9AD1D253276A60024C7A9 /* Enemy_1.atlas in Resources */ = {isa = PBXBuildFile; fileRef = A1B9AD1C253276A60024C7A9 /* Enemy_1.atlas */; };
		A1C67F0625311D05001E4295 /* PowerUp.swift in Sources */ = {isa = PBXBuildFile; fileRef = A1C67F0525311D05001E4295 /* PowerUp.swift */; };
		A1C67F0825311D6B001E4295 /* GreenPowerUp.atlas in Resources */ = {isa = PBXBuildFile; fileRef = A1C67F0725311D6B001E4295 /* GreenPowerUp.atlas */; };
		A1C6E2D02525172D00709596 /* AppDelegate.swift in Sources */ = {isa = PBXBuildFile; fileRef = A1C6E2CF2525172D00709596 /* AppDelegate.swift */; };
		A1C6E2D62525172D00709596 /* GameScene.swift in Sources */ = {isa = PBXBuildFile; fileRef = A1C6E2D52525172D00709596 /* GameScene.swift */; };
		A1C6E2D82525172D00709596 /* GameViewController.swift in Sources */ = {isa = PBXBuildFile; fileRef = A1C6E2D72525172D00709596 /* GameViewController.swift */; };
		A1C6E2DB2525172D00709596 /* Main.storyboard in Resources */ = {isa = PBXBuildFile; fileRef = A1C6E2D92525172D00709596 /* Main.storyboard */; };
		A1C6E2DD2525172E00709596 /* Assets.xcassets in Resources */ = {isa = PBXBuildFile; fileRef = A1C6E2DC2525172E00709596 /* Assets.xcassets */; };
		A1C6E2E02525172E00709596 /* LaunchScreen.storyboard in Resources */ = {isa = PBXBuildFile; fileRef = A1C6E2DE2525172E00709596 /* LaunchScreen.storyboard */; };
		A1C6E2E825251BBC00709596 /* Background.swift in Sources */ = {isa = PBXBuildFile; fileRef = A1C6E2E725251BBC00709596 /* Background.swift */; };
		A1C6E2EA2525280900709596 /* Island.swift in Sources */ = {isa = PBXBuildFile; fileRef = A1C6E2E92525280900709596 /* Island.swift */; };
		A1C6E2EC2525494500709596 /* Cloud.swift in Sources */ = {isa = PBXBuildFile; fileRef = A1C6E2EB2525494500709596 /* Cloud.swift */; };
/* End PBXBuildFile section */

/* Begin PBXFileReference section */
		A16B70DA2529512C00700552 /* protocol GameBackgroundSpritebla + Extension.swift */ = {isa = PBXFileReference; lastKnownFileType = sourcecode.swift; path = "protocol GameBackgroundSpritebla + Extension.swift"; sourceTree = "<group>"; };
		A174DA9C2527E46C00B3BF92 /* PlayerPlane.swift */ = {isa = PBXFileReference; lastKnownFileType = sourcecode.swift; path = PlayerPlane.swift; sourceTree = "<group>"; };
		A174DA9E2527E82000B3BF92 /* PlayerPlane.atlas */ = {isa = PBXFileReference; lastKnownFileType = folder.skatlas; path = PlayerPlane.atlas; sourceTree = "<group>"; };
		A1B9AD1A253276830024C7A9 /* Enemy.swift */ = {isa = PBXFileReference; lastKnownFileType = sourcecode.swift; path = Enemy.swift; sourceTree = "<group>"; };
		A1B9AD1C253276A60024C7A9 /* Enemy_1.atlas */ = {isa = PBXFileReference; lastKnownFileType = folder.skatlas; path = Enemy_1.atlas; sourceTree = "<group>"; };
		A1C67F0525311D05001E4295 /* PowerUp.swift */ = {isa = PBXFileReference; lastKnownFileType = sourcecode.swift; path = PowerUp.swift; sourceTree = "<group>"; };
		A1C67F0725311D6B001E4295 /* GreenPowerUp.atlas */ = {isa = PBXFileReference; lastKnownFileType = folder.skatlas; path = GreenPowerUp.atlas; sourceTree = "<group>"; };
		A1C6E2CC2525172D00709596 /* BattleFly.app */ = {isa = PBXFileReference; explicitFileType = wrapper.application; includeInIndex = 0; path = BattleFly.app; sourceTree = BUILT_PRODUCTS_DIR; };
		A1C6E2CF2525172D00709596 /* AppDelegate.swift */ = {isa = PBXFileReference; lastKnownFileType = sourcecode.swift; path = AppDelegate.swift; sourceTree = "<group>"; };
		A1C6E2D52525172D00709596 /* GameScene.swift */ = {isa = PBXFileReference; lastKnownFileType = sourcecode.swift; path = GameScene.swift; sourceTree = "<group>"; };
		A1C6E2D72525172D00709596 /* GameViewController.swift */ = {isa = PBXFileReference; lastKnownFileType = sourcecode.swift; path = GameViewController.swift; sourceTree = "<group>"; };
		A1C6E2DA2525172D00709596 /* Base */ = {isa = PBXFileReference; lastKnownFileType = file.storyboard; name = Base; path = Base.lproj/Main.storyboard; sourceTree = "<group>"; };
		A1C6E2DC2525172E00709596 /* Assets.xcassets */ = {isa = PBXFileReference; lastKnownFileType = folder.assetcatalog; path = Assets.xcassets; sourceTree = "<group>"; };
		A1C6E2DF2525172E00709596 /* Base */ = {isa = PBXFileReference; lastKnownFileType = file.storyboard; name = Base; path = Base.lproj/LaunchScreen.storyboard; sourceTree = "<group>"; };
		A1C6E2E12525172E00709596 /* Info.plist */ = {isa = PBXFileReference; lastKnownFileType = text.plist.xml; path = Info.plist; sourceTree = "<group>"; };
		A1C6E2E725251BBC00709596 /* Background.swift */ = {isa = PBXFileReference; lastKnownFileType = sourcecode.swift; path = Background.swift; sourceTree = "<group>"; };
		A1C6E2E92525280900709596 /* Island.swift */ = {isa = PBXFileReference; lastKnownFileType = sourcecode.swift; path = Island.swift; sourceTree = "<group>"; };
		A1C6E2EB2525494500709596 /* Cloud.swift */ = {isa = PBXFileReference; lastKnownFileType = sourcecode.swift; path = Cloud.swift; sourceTree = "<group>"; };
/* End PBXFileReference section */

/* Begin PBXFrameworksBuildPhase section */
		A1C6E2C92525172D00709596 /* Frameworks */ = {
			isa = PBXFrameworksBuildPhase;
			buildActionMask = 2147483647;
			files = (
			);
			runOnlyForDeploymentPostprocessing = 0;
		};
/* End PBXFrameworksBuildPhase section */

/* Begin PBXGroup section */
		A1C6E2C32525172D00709596 = {
			isa = PBXGroup;
			children = (
				A1C6E2CE2525172D00709596 /* BattleFly */,
				A1C6E2CD2525172D00709596 /* Products */,
			);
			sourceTree = "<group>";
		};
		A1C6E2CD2525172D00709596 /* Products */ = {
			isa = PBXGroup;
			children = (
				A1C6E2CC2525172D00709596 /* BattleFly.app */,
			);
			name = Products;
			sourceTree = "<group>";
		};
		A1C6E2CE2525172D00709596 /* BattleFly */ = {
			isa = PBXGroup;
			children = (
				A1C6E2CF2525172D00709596 /* AppDelegate.swift */,
				A1C6E2D52525172D00709596 /* GameScene.swift */,
				A174DA9C2527E46C00B3BF92 /* PlayerPlane.swift */,
				A1C6E2E725251BBC00709596 /* Background.swift */,
				A1B9AD1A253276830024C7A9 /* Enemy.swift */,
				A1C6E2E92525280900709596 /* Island.swift */,
				A1C6E2EB2525494500709596 /* Cloud.swift */,
				A1C67F0525311D05001E4295 /* PowerUp.swift */,
				A16B70DA2529512C00700552 /* protocol GameBackgroundSpritebla + Extension.swift */,
				A1C6E2D72525172D00709596 /* GameViewController.swift */,
				A1C6E2D92525172D00709596 /* Main.storyboard */,
				A1C6E2DC2525172E00709596 /* Assets.xcassets */,
				A1C6E2DE2525172E00709596 /* LaunchScreen.storyboard */,
				A1B9AD1C253276A60024C7A9 /* Enemy_1.atlas */,
				A1C67F0725311D6B001E4295 /* GreenPowerUp.atlas */,
				A174DA9E2527E82000B3BF92 /* PlayerPlane.atlas */,
				A1C6E2E12525172E00709596 /* Info.plist */,
			);
			path = BattleFly;
			sourceTree = "<group>";
		};
/* End PBXGroup section */

/* Begin PBXNativeTarget section */
		A1C6E2CB2525172D00709596 /* BattleFly */ = {
			isa = PBXNativeTarget;
			buildConfigurationList = A1C6E2E42525172E00709596 /* Build configuration list for PBXNativeTarget "BattleFly" */;
			buildPhases = (
				A1C6E2C82525172D00709596 /* Sources */,
				A1C6E2C92525172D00709596 /* Frameworks */,
				A1C6E2CA2525172D00709596 /* Resources */,
			);
			buildRules = (
			);
			dependencies = (
			);
			name = BattleFly;
			productName = BattleFly;
			productReference = A1C6E2CC2525172D00709596 /* BattleFly.app */;
			productType = "com.apple.product-type.application";
		};
/* End PBXNativeTarget section */

/* Begin PBXProject section */
		A1C6E2C42525172D00709596 /* Project object */ = {
			isa = PBXProject;
			attributes = {
				LastSwiftUpdateCheck = 1150;
				LastUpgradeCheck = 1150;
				ORGANIZATIONNAME = "Boris Goncharov";
				TargetAttributes = {
					A1C6E2CB2525172D00709596 = {
						CreatedOnToolsVersion = 11.5;
					};
				};
			};
			buildConfigurationList = A1C6E2C72525172D00709596 /* Build configuration list for PBXProject "BattleFly" */;
			compatibilityVersion = "Xcode 9.3";
			developmentRegion = en;
			hasScannedForEncodings = 0;
			knownRegions = (
				en,
				Base,
			);
			mainGroup = A1C6E2C32525172D00709596;
			productRefGroup = A1C6E2CD2525172D00709596 /* Products */;
			projectDirPath = "";
			projectRoot = "";
			targets = (
				A1C6E2CB2525172D00709596 /* BattleFly */,
			);
		};
/* End PBXProject section */

/* Begin PBXResourcesBuildPhase section */
		A1C6E2CA2525172D00709596 /* Resources */ = {
			isa = PBXResourcesBuildPhase;
			buildActionMask = 2147483647;
			files = (
				A1B9AD1D253276A60024C7A9 /* Enemy_1.atlas in Resources */,
				A1C6E2DB2525172D00709596 /* Main.storyboard in Resources */,
				A1C67F0825311D6B001E4295 /* GreenPowerUp.atlas in Resources */,
				A174DA9F2527E82000B3BF92 /* PlayerPlane.atlas in Resources */,
				A1C6E2DD2525172E00709596 /* Assets.xcassets in Resources */,
				A1C6E2E02525172E00709596 /* LaunchScreen.storyboard in Resources */,
			);
			runOnlyForDeploymentPostprocessing = 0;
		};
/* End PBXResourcesBuildPhase section */

/* Begin PBXSourcesBuildPhase section */
		A1C6E2C82525172D00709596 /* Sources */ = {
			isa = PBXSourcesBuildPhase;
			buildActionMask = 2147483647;
			files = (
				A1C6E2D62525172D00709596 /* GameScene.swift in Sources */,
				A174DA9D2527E46C00B3BF92 /* PlayerPlane.swift in Sources */,
				A1C6E2EC2525494500709596 /* Cloud.swift in Sources */,
				A1C6E2D82525172D00709596 /* GameViewController.swift in Sources */,
				A1C6E2D02525172D00709596 /* AppDelegate.swift in Sources */,
				A1C6E2EA2525280900709596 /* Island.swift in Sources */,
				A1B9AD1B253276830024C7A9 /* Enemy.swift in Sources */,
				A1C6E2E825251BBC00709596 /* Background.swift in Sources */,
				A1C67F0625311D05001E4295 /* PowerUp.swift in Sources */,
				A16B70DB2529512C00700552 /* protocol GameBackgroundSpritebla + Extension.swift in Sources */,
			);
			runOnlyForDeploymentPostprocessing = 0;
		};
/* End PBXSourcesBuildPhase section */

/* Begin PBXVariantGroup section */
		A1C6E2D92525172D00709596 /* Main.storyboard */ = {
			isa = PBXVariantGroup;
			children = (
				A1C6E2DA2525172D00709596 /* Base */,
			);
			name = Main.storyboard;
			sourceTree = "<group>";
		};
		A1C6E2DE2525172E00709596 /* LaunchScreen.storyboard */ = {
			isa = PBXVariantGroup;
			children = (
				A1C6E2DF2525172E00709596 /* Base */,
			);
			name = LaunchScreen.storyboard;
			sourceTree = "<group>";
		};
/* End PBXVariantGroup section */

/* Begin XCBuildConfiguration section */
		A1C6E2E22525172E00709596 /* Debug */ = {
			isa = XCBuildConfiguration;
			buildSettings = {
				ALWAYS_SEARCH_USER_PATHS = NO;
				CLANG_ANALYZER_NONNULL = YES;
				CLANG_ANALYZER_NUMBER_OBJECT_CONVERSION = YES_AGGRESSIVE;
				CLANG_CXX_LANGUAGE_STANDARD = "gnu++14";
				CLANG_CXX_LIBRARY = "libc++";
				CLANG_ENABLE_MODULES = YES;
				CLANG_ENABLE_OBJC_ARC = YES;
				CLANG_ENABLE_OBJC_WEAK = YES;
				CLANG_WARN_BLOCK_CAPTURE_AUTORELEASING = YES;
				CLANG_WARN_BOOL_CONVERSION = YES;
				CLANG_WARN_COMMA = YES;
				CLANG_WARN_CONSTANT_CONVERSION = YES;
				CLANG_WARN_DEPRECATED_OBJC_IMPLEMENTATIONS = YES;
				CLANG_WARN_DIRECT_OBJC_ISA_USAGE = YES_ERROR;
				CLANG_WARN_DOCUMENTATION_COMMENTS = YES;
				CLANG_WARN_EMPTY_BODY = YES;
				CLANG_WARN_ENUM_CONVERSION = YES;
				CLANG_WARN_INFINITE_RECURSION = YES;
				CLANG_WARN_INT_CONVERSION = YES;
				CLANG_WARN_NON_LITERAL_NULL_CONVERSION = YES;
				CLANG_WARN_OBJC_IMPLICIT_RETAIN_SELF = YES;
				CLANG_WARN_OBJC_LITERAL_CONVERSION = YES;
				CLANG_WARN_OBJC_ROOT_CLASS = YES_ERROR;
				CLANG_WARN_RANGE_LOOP_ANALYSIS = YES;
				CLANG_WARN_STRICT_PROTOTYPES = YES;
				CLANG_WARN_SUSPICIOUS_MOVE = YES;
				CLANG_WARN_UNGUARDED_AVAILABILITY = YES_AGGRESSIVE;
				CLANG_WARN_UNREACHABLE_CODE = YES;
				CLANG_WARN__DUPLICATE_METHOD_MATCH = YES;
				COPY_PHASE_STRIP = NO;
				DEBUG_INFORMATION_FORMAT = dwarf;
				ENABLE_STRICT_OBJC_MSGSEND = YES;
				ENABLE_TESTABILITY = YES;
				GCC_C_LANGUAGE_STANDARD = gnu11;
				GCC_DYNAMIC_NO_PIC = NO;
				GCC_NO_COMMON_BLOCKS = YES;
				GCC_OPTIMIZATION_LEVEL = 0;
				GCC_PREPROCESSOR_DEFINITIONS = (
					"DEBUG=1",
					"$(inherited)",
				);
				GCC_WARN_64_TO_32_BIT_CONVERSION = YES;
				GCC_WARN_ABOUT_RETURN_TYPE = YES_ERROR;
				GCC_WARN_UNDECLARED_SELECTOR = YES;
				GCC_WARN_UNINITIALIZED_AUTOS = YES_AGGRESSIVE;
				GCC_WARN_UNUSED_FUNCTION = YES;
				GCC_WARN_UNUSED_VARIABLE = YES;
				IPHONEOS_DEPLOYMENT_TARGET = 13.5;
				MTL_ENABLE_DEBUG_INFO = INCLUDE_SOURCE;
				MTL_FAST_MATH = YES;
				ONLY_ACTIVE_ARCH = YES;
				SDKROOT = iphoneos;
				SWIFT_ACTIVE_COMPILATION_CONDITIONS = DEBUG;
				SWIFT_OPTIMIZATION_LEVEL = "-Onone";
			};
			name = Debug;
		};
		A1C6E2E32525172E00709596 /* Release */ = {
			isa = XCBuildConfiguration;
			buildSettings = {
				ALWAYS_SEARCH_USER_PATHS = NO;
				CLANG_ANALYZER_NONNULL = YES;
				CLANG_ANALYZER_NUMBER_OBJECT_CONVERSION = YES_AGGRESSIVE;
				CLANG_CXX_LANGUAGE_STANDARD = "gnu++14";
				CLANG_CXX_LIBRARY = "libc++";
				CLANG_ENABLE_MODULES = YES;
				CLANG_ENABLE_OBJC_ARC = YES;
				CLANG_ENABLE_OBJC_WEAK = YES;
				CLANG_WARN_BLOCK_CAPTURE_AUTORELEASING = YES;
				CLANG_WARN_BOOL_CONVERSION = YES;
				CLANG_WARN_COMMA = YES;
				CLANG_WARN_CONSTANT_CONVERSION = YES;
				CLANG_WARN_DEPRECATED_OBJC_IMPLEMENTATIONS = YES;
				CLANG_WARN_DIRECT_OBJC_ISA_USAGE = YES_ERROR;
				CLANG_WARN_DOCUMENTATION_COMMENTS = YES;
				CLANG_WARN_EMPTY_BODY = YES;
				CLANG_WARN_ENUM_CONVERSION = YES;
				CLANG_WARN_INFINITE_RECURSION = YES;
				CLANG_WARN_INT_CONVERSION = YES;
				CLANG_WARN_NON_LITERAL_NULL_CONVERSION = YES;
				CLANG_WARN_OBJC_IMPLICIT_RETAIN_SELF = YES;
				CLANG_WARN_OBJC_LITERAL_CONVERSION = YES;
				CLANG_WARN_OBJC_ROOT_CLASS = YES_ERROR;
				CLANG_WARN_RANGE_LOOP_ANALYSIS = YES;
				CLANG_WARN_STRICT_PROTOTYPES = YES;
				CLANG_WARN_SUSPICIOUS_MOVE = YES;
				CLANG_WARN_UNGUARDED_AVAILABILITY = YES_AGGRESSIVE;
				CLANG_WARN_UNREACHABLE_CODE = YES;
				CLANG_WARN__DUPLICATE_METHOD_MATCH = YES;
				COPY_PHASE_STRIP = NO;
				DEBUG_INFORMATION_FORMAT = "dwarf-with-dsym";
				ENABLE_NS_ASSERTIONS = NO;
				ENABLE_STRICT_OBJC_MSGSEND = YES;
				GCC_C_LANGUAGE_STANDARD = gnu11;
				GCC_NO_COMMON_BLOCKS = YES;
				GCC_WARN_64_TO_32_BIT_CONVERSION = YES;
				GCC_WARN_ABOUT_RETURN_TYPE = YES_ERROR;
				GCC_WARN_UNDECLARED_SELECTOR = YES;
				GCC_WARN_UNINITIALIZED_AUTOS = YES_AGGRESSIVE;
				GCC_WARN_UNUSED_FUNCTION = YES;
				GCC_WARN_UNUSED_VARIABLE = YES;
				IPHONEOS_DEPLOYMENT_TARGET = 13.5;
				MTL_ENABLE_DEBUG_INFO = NO;
				MTL_FAST_MATH = YES;
				SDKROOT = iphoneos;
				SWIFT_COMPILATION_MODE = wholemodule;
				SWIFT_OPTIMIZATION_LEVEL = "-O";
				VALIDATE_PRODUCT = YES;
			};
			name = Release;
		};
		A1C6E2E52525172E00709596 /* Debug */ = {
			isa = XCBuildConfiguration;
			buildSettings = {
				ASSETCATALOG_COMPILER_APPICON_NAME = AppIcon;
				CODE_SIGN_STYLE = Automatic;
				DEVELOPMENT_TEAM = 33SF7T346J;
				INFOPLIST_FILE = BattleFly/Info.plist;
				IPHONEOS_DEPLOYMENT_TARGET = 13.5;
				LD_RUNPATH_SEARCH_PATHS = (
					"$(inherited)",
					"@executable_path/Frameworks",
				);
				PRODUCT_BUNDLE_IDENTIFIER = com.podlodki.BattleFly;
				PRODUCT_NAME = "$(TARGET_NAME)";
				SWIFT_VERSION = 5.0;
				TARGETED_DEVICE_FAMILY = "1,2";
			};
			name = Debug;
		};
		A1C6E2E62525172E00709596 /* Release */ = {
			isa = XCBuildConfiguration;
			buildSettings = {
				ASSETCATALOG_COMPILER_APPICON_NAME = AppIcon;
				CODE_SIGN_STYLE = Automatic;
				DEVELOPMENT_TEAM = 33SF7T346J;
				INFOPLIST_FILE = BattleFly/Info.plist;
				IPHONEOS_DEPLOYMENT_TARGET = 13.5;
				LD_RUNPATH_SEARCH_PATHS = (
					"$(inherited)",
					"@executable_path/Frameworks",
				);
				PRODUCT_BUNDLE_IDENTIFIER = com.podlodki.BattleFly;
				PRODUCT_NAME = "$(TARGET_NAME)";
				SWIFT_VERSION = 5.0;
				TARGETED_DEVICE_FAMILY = "1,2";
			};
			name = Release;
		};
/* End XCBuildConfiguration section */

/* Begin XCConfigurationList section */
		A1C6E2C72525172D00709596 /* Build configuration list for PBXProject "BattleFly" */ = {
			isa = XCConfigurationList;
			buildConfigurations = (
				A1C6E2E22525172E00709596 /* Debug */,
				A1C6E2E32525172E00709596 /* Release */,
			);
			defaultConfigurationIsVisible = 0;
			defaultConfigurationName = Release;
		};
		A1C6E2E42525172E00709596 /* Build configuration list for PBXNativeTarget "BattleFly" */ = {
			isa = XCConfigurationList;
			buildConfigurations = (
				A1C6E2E52525172E00709596 /* Debug */,
				A1C6E2E62525172E00709596 /* Release */,
			);
			defaultConfigurationIsVisible = 0;
			defaultConfigurationName = Release;
		};
/* End XCConfigurationList section */
	};
	rootObject = A1C6E2C42525172D00709596 /* Project object */;
}
